
Microsoft Visual Studio Solution File, Format Version 12.00
# Visual Studio 14
VisualStudioVersion = 14.0.25420.1
MinimumVisualStudioVersion = 10.0.40219.1
Project("{2150E333-8FDC-42A3-9474-1A3956D46DE8}") = "src", "src", "{CB6461CB-6B38-4FFB-91E0-92F0C1D12A4F}"
EndProject
Project("{FAE04EC0-301F-11D3-BF4B-00C04F79EFBC}") = "alfredo", "alfredo\alfredo.csproj", "{CA3648C4-BE4D-4302-89C9-21830309CD88}"
EndProject
Project("{FAE04EC0-301F-11D3-BF4B-00C04F79EFBC}") = "host", "host\host.csproj", "{DDA81E9D-F888-4D58-8606-D653E037058E}"
EndProject
Global
	GlobalSection(SolutionConfigurationPlatforms) = preSolution
		Debug|Any CPU = Debug|Any CPU
		Release|Any CPU = Release|Any CPU
	EndGlobalSection
	GlobalSection(ProjectConfigurationPlatforms) = postSolution
		{CA3648C4-BE4D-4302-89C9-21830309CD88}.Debug|Any CPU.ActiveCfg = Debug|Any CPU
		{CA3648C4-BE4D-4302-89C9-21830309CD88}.Debug|Any CPU.Build.0 = Debug|Any CPU
		{CA3648C4-BE4D-4302-89C9-21830309CD88}.Release|Any CPU.ActiveCfg = Release|Any CPU
		{CA3648C4-BE4D-4302-89C9-21830309CD88}.Release|Any CPU.Build.0 = Release|Any CPU
		{DDA81E9D-F888-4D58-8606-D653E037058E}.Debug|Any CPU.ActiveCfg = Debug|Any CPU
		{DDA81E9D-F888-4D58-8606-D653E037058E}.Debug|Any CPU.Build.0 = Debug|Any CPU
		{DDA81E9D-F888-4D58-8606-D653E037058E}.Release|Any CPU.ActiveCfg = Release|Any CPU
		{DDA81E9D-F888-4D58-8606-D653E037058E}.Release|Any CPU.Build.0 = Release|Any CPU
	EndGlobalSection
	GlobalSection(SolutionProperties) = preSolution
		HideSolutionNode = FALSE
	EndGlobalSection
	GlobalSection(NestedProjects) = preSolution
		{CA3648C4-BE4D-4302-89C9-21830309CD88} = {CB6461CB-6B38-4FFB-91E0-92F0C1D12A4F}
		{DDA81E9D-F888-4D58-8606-D653E037058E} = {CB6461CB-6B38-4FFB-91E0-92F0C1D12A4F}
	EndGlobalSection
EndGlobal
